{
  "originHash" : "e874316375d0cf7e935ac4608cc6c82c04b4943b3b98916f7b109e111d133bc4",
  "pins" : [
    {
      "identity" : "swift-syntax",
      "kind" : "remoteSourceControl",
      "location" : "https://github.com/apple/swift-syntax.git",
      "state" : {
        "revision" : "0687f71944021d616d34d922343dcef086855920",
        "version" : "600.0.1"
      }
    },
    {
      "identity" : "swiftlintplugins",
      "kind" : "remoteSourceControl",
      "location" : "https://github.com/SimplyDanny/SwiftLintPlugins.git",
      "state" : {
        "revision" : "6166499ede0efe43c3809f101d2c3cd409e2b77a",
        "version" : "0.61.0"
      }
    }
  ],
  "version" : 3
}
